// !$*UTF8*$!
{
	archiveVersion = 1;
	classes = {
	};
	objectVersion = 46;
	objects = {

/* Begin PBXBuildFile section */
		8F88474719972146007A5D08 /* Foundation.framework in Frameworks */ = {isa = PBXBuildFile; fileRef = 8F88474619972146007A5D08 /* Foundation.framework */; };
		8F88474919972146007A5D08 /* CoreGraphics.framework in Frameworks */ = {isa = PBXBuildFile; fileRef = 8F88474819972146007A5D08 /* CoreGraphics.framework */; };
		8F88474B19972146007A5D08 /* UIKit.framework in Frameworks */ = {isa = PBXBuildFile; fileRef = 8F88474A19972146007A5D08 /* UIKit.framework */; };
		8F88475119972146007A5D08 /* InfoPlist.strings in Resources */ = {isa = PBXBuildFile; fileRef = 8F88474F19972146007A5D08 /* InfoPlist.strings */; };
		8F88475319972146007A5D08 /* main.m in Sources */ = {isa = PBXBuildFile; fileRef = 8F88475219972146007A5D08 /* main.m */; };
		8F88475719972146007A5D08 /* ITIAppDelegate.m in Sources */ = {isa = PBXBuildFile; fileRef = 8F88475619972146007A5D08 /* ITIAppDelegate.m */; };
		8F88475A19972146007A5D08 /* Main.storyboard in Resources */ = {isa = PBXBuildFile; fileRef = 8F88475819972146007A5D08 /* Main.storyboard */; };
		8F88475D19972146007A5D08 /* ITIViewController.m in Sources */ = {isa = PBXBuildFile; fileRef = 8F88475C19972146007A5D08 /* ITIViewController.m */; };
		8F88475F19972146007A5D08 /* Images.xcassets in Resources */ = {isa = PBXBuildFile; fileRef = 8F88475E19972146007A5D08 /* Images.xcassets */; };
		8F88476619972146007A5D08 /* XCTest.framework in Frameworks */ = {isa = PBXBuildFile; fileRef = 8F88476519972146007A5D08 /* XCTest.framework */; };
		8F88476719972146007A5D08 /* Foundation.framework in Frameworks */ = {isa = PBXBuildFile; fileRef = 8F88474619972146007A5D08 /* Foundation.framework */; };
		8F88476819972146007A5D08 /* UIKit.framework in Frameworks */ = {isa = PBXBuildFile; fileRef = 8F88474A19972146007A5D08 /* UIKit.framework */; };
		8F88477019972146007A5D08 /* InfoPlist.strings in Resources */ = {isa = PBXBuildFile; fileRef = 8F88476E19972146007A5D08 /* InfoPlist.strings */; };
		8F88477219972146007A5D08 /* NSUserDefaults__Segues_and_Protocols_Challenge_SolutionTests.m in Sources */ = {isa = PBXBuildFile; fileRef = 8F88477119972146007A5D08 /* NSUserDefaults__Segues_and_Protocols_Challenge_SolutionTests.m */; };
		8F88477D199721B2007A5D08 /* ITISignInViewController.m in Sources */ = {isa = PBXBuildFile; fileRef = 8F88477C199721B2007A5D08 /* ITISignInViewController.m */; };
		8F884780199721CF007A5D08 /* ITICreateAccountViewController.m in Sources */ = {isa = PBXBuildFile; fileRef = 8F88477F199721CF007A5D08 /* ITICreateAccountViewController.m */; };
/* End PBXBuildFile section */

/* Begin PBXContainerItemProxy section */
		8F88476919972146007A5D08 /* PBXContainerItemProxy */ = {
			isa = PBXContainerItemProxy;
			containerPortal = 8F88473B19972146007A5D08 /* Project object */;
			proxyType = 1;
			remoteGlobalIDString = 8F88474219972146007A5D08;
			remoteInfo = "NSUserDefaults, Segues and Protocols Challenge Solution";
		};
/* End PBXContainerItemProxy section */

/* Begin PBXFileReference section */
		8F88474319972146007A5D08 /* NSUserDefaults, Segues and Protocols Challenge Solution.app */ = {isa = PBXFileReference; explicitFileType = wrapper.application; includeInIndex = 0; path = "NSUserDefaults, Segues and Protocols Challenge Solution.app"; sourceTree = BUILT_PRODUCTS_DIR; };
		8F88474619972146007A5D08 /* Foundation.framework */ = {isa = PBXFileReference; lastKnownFileType = wrapper.framework; name = Foundation.framework; path = System/Library/Frameworks/Foundation.framework; sourceTree = SDKROOT; };
		8F88474819972146007A5D08 /* CoreGraphics.framework */ = {isa = PBXFileReference; lastKnownFileType = wrapper.framework; name = CoreGraphics.framework; path = System/Library/Frameworks/CoreGraphics.framework; sourceTree = SDKROOT; };
		8F88474A19972146007A5D08 /* UIKit.framework */ = {isa = PBXFileReference; lastKnownFileType = wrapper.framework; name = UIKit.framework; path = System/Library/Frameworks/UIKit.framework; sourceTree = SDKROOT; };
		8F88474E19972146007A5D08 /* NSUserDefaults, Segues and Protocols Challenge Solution-Info.plist */ = {isa = PBXFileReference; lastKnownFileType = text.plist.xml; path = "NSUserDefaults, Segues and Protocols Challenge Solution-Info.plist"; sourceTree = "<group>"; };
		8F88475019972146007A5D08 /* en */ = {isa = PBXFileReference; lastKnownFileType = text.plist.strings; name = en; path = en.lproj/InfoPlist.strings; sourceTree = "<group>"; };
		8F88475219972146007A5D08 /* main.m */ = {isa = PBXFileReference; lastKnownFileType = sourcecode.c.objc; path = main.m; sourceTree = "<group>"; };
		8F88475419972146007A5D08 /* NSUserDefaults, Segues and Protocols Challenge Solution-Prefix.pch */ = {isa = PBXFileReference; lastKnownFileType = sourcecode.c.h; path = "NSUserDefaults, Segues and Protocols Challenge Solution-Prefix.pch"; sourceTree = "<group>"; };
		8F88475519972146007A5D08 /* ITIAppDelegate.h */ = {isa = PBXFileReference; lastKnownFileType = sourcecode.c.h; path = ITIAppDelegate.h; sourceTree = "<group>"; };
		8F88475619972146007A5D08 /* ITIAppDelegate.m */ = {isa = PBXFileReference; lastKnownFileType = sourcecode.c.objc; path = ITIAppDelegate.m; sourceTree = "<group>"; };
		8F88475919972146007A5D08 /* Base */ = {isa = PBXFileReference; lastKnownFileType = file.storyboard; name = Base; path = Base.lproj/Main.storyboard; sourceTree = "<group>"; };
		8F88475B19972146007A5D08 /* ITIViewController.h */ = {isa = PBXFileReference; lastKnownFileType = sourcecode.c.h; path = ITIViewController.h; sourceTree = "<group>"; };
		8F88475C19972146007A5D08 /* ITIViewController.m */ = {isa = PBXFileReference; lastKnownFileType = sourcecode.c.objc; path = ITIViewController.m; sourceTree = "<group>"; };
		8F88475E19972146007A5D08 /* Images.xcassets */ = {isa = PBXFileReference; lastKnownFileType = folder.assetcatalog; path = Images.xcassets; sourceTree = "<group>"; };
		8F88476419972146007A5D08 /* NSUserDefaults, Segues and Protocols Challenge SolutionTests.xctest */ = {isa = PBXFileReference; explicitFileType = wrapper.cfbundle; includeInIndex = 0; path = "NSUserDefaults, Segues and Protocols Challenge SolutionTests.xctest"; sourceTree = BUILT_PRODUCTS_DIR; };
		8F88476519972146007A5D08 /* XCTest.framework */ = {isa = PBXFileReference; lastKnownFileType = wrapper.framework; name = XCTest.framework; path = Library/Frameworks/XCTest.framework; sourceTree = DEVELOPER_DIR; };
		8F88476D19972146007A5D08 /* NSUserDefaults, Segues and Protocols Challenge SolutionTests-Info.plist */ = {isa = PBXFileReference; lastKnownFileType = text.plist.xml; path = "NSUserDefaults, Segues and Protocols Challenge SolutionTests-Info.plist"; sourceTree = "<group>"; };
		8F88476F19972146007A5D08 /* en */ = {isa = PBXFileReference; lastKnownFileType = text.plist.strings; name = en; path = en.lproj/InfoPlist.strings; sourceTree = "<group>"; };
		8F88477119972146007A5D08 /* NSUserDefaults__Segues_and_Protocols_Challenge_SolutionTests.m */ = {isa = PBXFileReference; lastKnownFileType = sourcecode.c.objc; path = NSUserDefaults__Segues_and_Protocols_Challenge_SolutionTests.m; sourceTree = "<group>"; };
		8F88477B199721B2007A5D08 /* ITISignInViewController.h */ = {isa = PBXFileReference; fileEncoding = 4; lastKnownFileType = sourcecode.c.h; path = ITISignInViewController.h; sourceTree = "<group>"; };
		8F88477C199721B2007A5D08 /* ITISignInViewController.m */ = {isa = PBXFileReference; fileEncoding = 4; lastKnownFileType = sourcecode.c.objc; path = ITISignInViewController.m; sourceTree = "<group>"; };
		8F88477E199721CF007A5D08 /* ITICreateAccountViewController.h */ = {isa = PBXFileReference; fileEncoding = 4; lastKnownFileType = sourcecode.c.h; path = ITICreateAccountViewController.h; sourceTree = "<group>"; };
		8F88477F199721CF007A5D08 /* ITICreateAccountViewController.m */ = {isa = PBXFileReference; fileEncoding = 4; lastKnownFileType = sourcecode.c.objc; path = ITICreateAccountViewController.m; sourceTree = "<group>"; };
/* End PBXFileReference section */

/* Begin PBXFrameworksBuildPhase section */
		8F88474019972146007A5D08 /* Frameworks */ = {
			isa = PBXFrameworksBuildPhase;
			buildActionMask = 2147483647;
			files = (
				8F88474919972146007A5D08 /* CoreGraphics.framework in Frameworks */,
				8F88474B19972146007A5D08 /* UIKit.framework in Frameworks */,
				8F88474719972146007A5D08 /* Foundation.framework in Frameworks */,
			);
			runOnlyForDeploymentPostprocessing = 0;
		};
		8F88476119972146007A5D08 /* Frameworks */ = {
			isa = PBXFrameworksBuildPhase;
			buildActionMask = 2147483647;
			files = (
				8F88476619972146007A5D08 /* XCTest.framework in Frameworks */,
				8F88476819972146007A5D08 /* UIKit.framework in Frameworks */,
				8F88476719972146007A5D08 /* Foundation.framework in Frameworks */,
			);
			runOnlyForDeploymentPostprocessing = 0;
		};
/* End PBXFrameworksBuildPhase section */

/* Begin PBXGroup section */
		8F88473A19972146007A5D08 = {
			isa = PBXGroup;
			children = (
				8F88474C19972146007A5D08 /* NSUserDefaults, Segues and Protocols Challenge Solution */,
				8F88476B19972146007A5D08 /* NSUserDefaults, Segues and Protocols Challenge SolutionTests */,
				8F88474519972146007A5D08 /* Frameworks */,
				8F88474419972146007A5D08 /* Products */,
			);
			sourceTree = "<group>";
		};
		8F88474419972146007A5D08 /* Products */ = {
			isa = PBXGroup;
			children = (
				8F88474319972146007A5D08 /* NSUserDefaults, Segues and Protocols Challenge Solution.app */,
				8F88476419972146007A5D08 /* NSUserDefaults, Segues and Protocols Challenge SolutionTests.xctest */,
			);
			name = Products;
			sourceTree = "<group>";
		};
		8F88474519972146007A5D08 /* Frameworks */ = {
			isa = PBXGroup;
			children = (
				8F88474619972146007A5D08 /* Foundation.framework */,
				8F88474819972146007A5D08 /* CoreGraphics.framework */,
				8F88474A19972146007A5D08 /* UIKit.framework */,
				8F88476519972146007A5D08 /* XCTest.framework */,
			);
			name = Frameworks;
			sourceTree = "<group>";
		};
		8F88474C19972146007A5D08 /* NSUserDefaults, Segues and Protocols Challenge Solution */ = {
			isa = PBXGroup;
			children = (
				8F88475519972146007A5D08 /* ITIAppDelegate.h */,
				8F88475619972146007A5D08 /* ITIAppDelegate.m */,
				8F88475819972146007A5D08 /* Main.storyboard */,
				8F88477B199721B2007A5D08 /* ITISignInViewController.h */,
				8F88477C199721B2007A5D08 /* ITISignInViewController.m */,
				8F88477E199721CF007A5D08 /* ITICreateAccountViewController.h */,
				8F88477F199721CF007A5D08 /* ITICreateAccountViewController.m */,
				8F88475B19972146007A5D08 /* ITIViewController.h */,
				8F88475C19972146007A5D08 /* ITIViewController.m */,
				8F88475E19972146007A5D08 /* Images.xcassets */,
				8F88474D19972146007A5D08 /* Supporting Files */,
			);
			path = "NSUserDefaults, Segues and Protocols Challenge Solution";
			sourceTree = "<group>";
		};
		8F88474D19972146007A5D08 /* Supporting Files */ = {
			isa = PBXGroup;
			children = (
				8F88474E19972146007A5D08 /* NSUserDefaults, Segues and Protocols Challenge Solution-Info.plist */,
				8F88474F19972146007A5D08 /* InfoPlist.strings */,
				8F88475219972146007A5D08 /* main.m */,
				8F88475419972146007A5D08 /* NSUserDefaults, Segues and Protocols Challenge Solution-Prefix.pch */,
			);
			name = "Supporting Files";
			sourceTree = "<group>";
		};
		8F88476B19972146007A5D08 /* NSUserDefaults, Segues and Protocols Challenge SolutionTests */ = {
			isa = PBXGroup;
			children = (
				8F88477119972146007A5D08 /* NSUserDefaults__Segues_and_Protocols_Challenge_SolutionTests.m */,
				8F88476C19972146007A5D08 /* Supporting Files */,
			);
			path = "NSUserDefaults, Segues and Protocols Challenge SolutionTests";
			sourceTree = "<group>";
		};
		8F88476C19972146007A5D08 /* Supporting Files */ = {
			isa = PBXGroup;
			children = (
				8F88476D19972146007A5D08 /* NSUserDefaults, Segues and Protocols Challenge SolutionTests-Info.plist */,
				8F88476E19972146007A5D08 /* InfoPlist.strings */,
			);
			name = "Supporting Files";
			sourceTree = "<group>";
		};
/* End PBXGroup section */

/* Begin PBXNativeTarget section */
		8F88474219972146007A5D08 /* NSUserDefaults, Segues and Protocols Challenge Solution */ = {
			isa = PBXNativeTarget;
			buildConfigurationList = 8F88477519972146007A5D08 /* Build configuration list for PBXNativeTarget "NSUserDefaults, Segues and Protocols Challenge Solution" */;
			buildPhases = (
				8F88473F19972146007A5D08 /* Sources */,
				8F88474019972146007A5D08 /* Frameworks */,
				8F88474119972146007A5D08 /* Resources */,
			);
			buildRules = (
			);
			dependencies = (
			);
			name = "NSUserDefaults, Segues and Protocols Challenge Solution";
			productName = "NSUserDefaults, Segues and Protocols Challenge Solution";
			productReference = 8F88474319972146007A5D08 /* NSUserDefaults, Segues and Protocols Challenge Solution.app */;
			productType = "com.apple.product-type.application";
		};
		8F88476319972146007A5D08 /* NSUserDefaults, Segues and Protocols Challenge SolutionTests */ = {
			isa = PBXNativeTarget;
			buildConfigurationList = 8F88477819972146007A5D08 /* Build configuration list for PBXNativeTarget "NSUserDefaults, Segues and Protocols Challenge SolutionTests" */;
			buildPhases = (
				8F88476019972146007A5D08 /* Sources */,
				8F88476119972146007A5D08 /* Frameworks */,
				8F88476219972146007A5D08 /* Resources */,
			);
			buildRules = (
			);
			dependencies = (
				8F88476A19972146007A5D08 /* PBXTargetDependency */,
			);
			name = "NSUserDefaults, Segues and Protocols Challenge SolutionTests";
			productName = "NSUserDefaults, Segues and Protocols Challenge SolutionTests";
			productReference = 8F88476419972146007A5D08 /* NSUserDefaults, Segues and Protocols Challenge SolutionTests.xctest */;
			productType = "com.apple.product-type.bundle.unit-test";
		};
/* End PBXNativeTarget section */

/* Begin PBXProject section */
		8F88473B19972146007A5D08 /* Project object */ = {
			isa = PBXProject;
			attributes = {
				CLASSPREFIX = ITI;
				LastUpgradeCheck = 0510;
				ORGANIZATIONNAME = "InfoTech Inc";
				TargetAttributes = {
					8F88476319972146007A5D08 = {
						TestTargetID = 8F88474219972146007A5D08;
					};
				};
			};
			buildConfigurationList = 8F88473E19972146007A5D08 /* Build configuration list for PBXProject "NSUserDefaults, Segues and Protocols Challenge Solution" */;
			compatibilityVersion = "Xcode 3.2";
			developmentRegion = English;
			hasScannedForEncodings = 0;
			knownRegions = (
				en,
				Base,
			);
			mainGroup = 8F88473A19972146007A5D08;
			productRefGroup = 8F88474419972146007A5D08 /* Products */;
			projectDirPath = "";
			projectRoot = "";
			targets = (
				8F88474219972146007A5D08 /* NSUserDefaults, Segues and Protocols Challenge Solution */,
				8F88476319972146007A5D08 /* NSUserDefaults, Segues and Protocols Challenge SolutionTests */,
			);
		};
/* End PBXProject section */

/* Begin PBXResourcesBuildPhase section */
		8F88474119972146007A5D08 /* Resources */ = {
			isa = PBXResourcesBuildPhase;
			buildActionMask = 2147483647;
			files = (
				8F88475F19972146007A5D08 /* Images.xcassets in Resources */,
				8F88475119972146007A5D08 /* InfoPlist.strings in Resources */,
				8F88475A19972146007A5D08 /* Main.storyboard in Resources */,
			);
			runOnlyForDeploymentPostprocessing = 0;
		};
		8F88476219972146007A5D08 /* Resources */ = {
			isa = PBXResourcesBuildPhase;
			buildActionMask = 2147483647;
			files = (
				8F88477019972146007A5D08 /* InfoPlist.strings in Resources */,
			);
			runOnlyForDeploymentPostprocessing = 0;
		};
/* End PBXResourcesBuildPhase section */

/* Begin PBXSourcesBuildPhase section */
		8F88473F19972146007A5D08 /* Sources */ = {
			isa = PBXSourcesBuildPhase;
			buildActionMask = 2147483647;
			files = (
				8F88475319972146007A5D08 /* main.m in Sources */,
				8F88477D199721B2007A5D08 /* ITISignInViewController.m in Sources */,
				8F88475D19972146007A5D08 /* ITIViewController.m in Sources */,
				8F884780199721CF007A5D08 /* ITICreateAccountViewController.m in Sources */,
				8F88475719972146007A5D08 /* ITIAppDelegate.m in Sources */,
			);
			runOnlyForDeploymentPostprocessing = 0;
		};
		8F88476019972146007A5D08 /* Sources */ = {
			isa = PBXSourcesBuildPhase;
			buildActionMask = 2147483647;
			files = (
				8F88477219972146007A5D08 /* NSUserDefaults__Segues_and_Protocols_Challenge_SolutionTests.m in Sources */,
			);
			runOnlyForDeploymentPostprocessing = 0;
		};
/* End PBXSourcesBuildPhase section */

/* Begin PBXTargetDependency section */
		8F88476A19972146007A5D08 /* PBXTargetDependency */ = {
			isa = PBXTargetDependency;
			target = 8F88474219972146007A5D08 /* NSUserDefaults, Segues and Protocols Challenge Solution */;
			targetProxy = 8F88476919972146007A5D08 /* PBXContainerItemProxy */;
		};
/* End PBXTargetDependency section */

/* Begin PBXVariantGroup section */
		8F88474F19972146007A5D08 /* InfoPlist.strings */ = {
			isa = PBXVariantGroup;
			children = (
				8F88475019972146007A5D08 /* en */,
			);
			name = InfoPlist.strings;
			sourceTree = "<group>";
		};
		8F88475819972146007A5D08 /* Main.storyboard */ = {
			isa = PBXVariantGroup;
			children = (
				8F88475919972146007A5D08 /* Base */,
			);
			name = Main.storyboard;
			sourceTree = "<group>";
		};
		8F88476E19972146007A5D08 /* InfoPlist.strings */ = {
			isa = PBXVariantGroup;
			children = (
				8F88476F19972146007A5D08 /* en */,
			);
			name = InfoPlist.strings;
			sourceTree = "<group>";
		};
/* End PBXVariantGroup section */

/* Begin XCBuildConfiguration section */
		8F88477319972146007A5D08 /* Debug */ = {
			isa = XCBuildConfiguration;
			buildSettings = {
				ALWAYS_SEARCH_USER_PATHS = NO;
				CLANG_CXX_LANGUAGE_STANDARD = "gnu++0x";
				CLANG_CXX_LIBRARY = "libc++";
				CLANG_ENABLE_MODULES = YES;
				CLANG_ENABLE_OBJC_ARC = YES;
				CLANG_WARN_BOOL_CONVERSION = YES;
				CLANG_WARN_CONSTANT_CONVERSION = YES;
				CLANG_WARN_DIRECT_OBJC_ISA_USAGE = YES_ERROR;
				CLANG_WARN_EMPTY_BODY = YES;
				CLANG_WARN_ENUM_CONVERSION = YES;
				CLANG_WARN_INT_CONVERSION = YES;
				CLANG_WARN_OBJC_ROOT_CLASS = YES_ERROR;
				CLANG_WARN__DUPLICATE_METHOD_MATCH = YES;
				"CODE_SIGN_IDENTITY[sdk=iphoneos*]" = "iPhone Developer";
				COPY_PHASE_STRIP = NO;
				GCC_C_LANGUAGE_STANDARD = gnu99;
				GCC_DYNAMIC_NO_PIC = NO;
				GCC_OPTIMIZATION_LEVEL = 0;
				GCC_PREPROCESSOR_DEFINITIONS = (
					"DEBUG=1",
					"$(inherited)",
				);
				GCC_SYMBOLS_PRIVATE_EXTERN = NO;
				GCC_WARN_64_TO_32_BIT_CONVERSION = YES;
				GCC_WARN_ABOUT_RETURN_TYPE = YES_ERROR;
				GCC_WARN_UNDECLARED_SELECTOR = YES;
				GCC_WARN_UNINITIALIZED_AUTOS = YES_AGGRESSIVE;
				GCC_WARN_UNUSED_FUNCTION = YES;
				GCC_WARN_UNUSED_VARIABLE = YES;
				IPHONEOS_DEPLOYMENT_TARGET = 7.1;
				ONLY_ACTIVE_ARCH = YES;
				SDKROOT = iphoneos;
			};
			name = Debug;
		};
		8F88477419972146007A5D08 /* Release */ = {
			isa = XCBuildConfiguration;
			buildSettings = {
				ALWAYS_SEARCH_USER_PATHS = NO;
				CLANG_CXX_LANGUAGE_STANDARD = "gnu++0x";
				CLANG_CXX_LIBRARY = "libc++";
				CLANG_ENABLE_MODULES = YES;
				CLANG_ENABLE_OBJC_ARC = YES;
				CLANG_WARN_BOOL_CONVERSION = YES;
				CLANG_WARN_CONSTANT_CONVERSION = YES;
				CLANG_WARN_DIRECT_OBJC_ISA_USAGE = YES_ERROR;
				CLANG_WARN_EMPTY_BODY = YES;
				CLANG_WARN_ENUM_CONVERSION = YES;
				CLANG_WARN_INT_CONVERSION = YES;
				CLANG_WARN_OBJC_ROOT_CLASS = YES_ERROR;
				CLANG_WARN__DUPLICATE_METHOD_MATCH = YES;
				"CODE_SIGN_IDENTITY[sdk=iphoneos*]" = "iPhone Developer";
				COPY_PHASE_STRIP = YES;
				ENABLE_NS_ASSERTIONS = NO;
				GCC_C_LANGUAGE_STANDARD = gnu99;
				GCC_WARN_64_TO_32_BIT_CONVERSION = YES;
				GCC_WARN_ABOUT_RETURN_TYPE = YES_ERROR;
				GCC_WARN_UNDECLARED_SELECTOR = YES;
				GCC_WARN_UNINITIALIZED_AUTOS = YES_AGGRESSIVE;
				GCC_WARN_UNUSED_FUNCTION = YES;
				GCC_WARN_UNUSED_VARIABLE = YES;
				IPHONEOS_DEPLOYMENT_TARGET = 7.1;
				SDKROOT = iphoneos;
				VALIDATE_PRODUCT = YES;
			};
			name = Release;
		};
		8F88477619972146007A5D08 /* Debug */ = {
			isa = XCBuildConfiguration;
			buildSettings = {
				ASSETCATALOG_COMPILER_APPICON_NAME = AppIcon;
				ASSETCATALOG_COMPILER_LAUNCHIMAGE_NAME = LaunchImage;
				GCC_PRECOMPILE_PREFIX_HEADER = YES;
				GCC_PREFIX_HEADER = "NSUserDefaults, Segues and Protocols Challenge Solution/NSUserDefaults, Segues and Protocols Challenge Solution-Prefix.pch";
				INFOPLIST_FILE = "NSUserDefaults, Segues and Protocols Challenge Solution/NSUserDefaults, Segues and Protocols Challenge Solution-Info.plist";
				PRODUCT_NAME = "$(TARGET_NAME)";
				WRAPPER_EXTENSION = app;
			};
			name = Debug;
		};
		8F88477719972146007A5D08 /* Release */ = {
			isa = XCBuildConfiguration;
			buildSettings = {
				ASSETCATALOG_COMPILER_APPICON_NAME = AppIcon;
				ASSETCATALOG_COMPILER_LAUNCHIMAGE_NAME = LaunchImage;
				GCC_PRECOMPILE_PREFIX_HEADER = YES;
				GCC_PREFIX_HEADER = "NSUserDefaults, Segues and Protocols Challenge Solution/NSUserDefaults, Segues and Protocols Challenge Solution-Prefix.pch";
				INFOPLIST_FILE = "NSUserDefaults, Segues and Protocols Challenge Solution/NSUserDefaults, Segues and Protocols Challenge Solution-Info.plist";
				PRODUCT_NAME = "$(TARGET_NAME)";
				WRAPPER_EXTENSION = app;
			};
			name = Release;
		};
		8F88477919972146007A5D08 /* Debug */ = {
			isa = XCBuildConfiguration;
			buildSettings = {
				BUNDLE_LOADER = "$(BUILT_PRODUCTS_DIR)/NSUserDefaults, Segues and Protocols Challenge Solution.app/NSUserDefaults, Segues and Protocols Challenge Solution";
				FRAMEWORK_SEARCH_PATHS = (
					"$(SDKROOT)/Developer/Library/Frameworks",
					"$(inherited)",
					"$(DEVELOPER_FRAMEWORKS_DIR)",
				);
				GCC_PRECOMPILE_PREFIX_HEADER = YES;
				GCC_PREFIX_HEADER = "NSUserDefaults, Segues and Protocols Challenge Solution/NSUserDefaults, Segues and Protocols Challenge Solution-Prefix.pch";
				GCC_PREPROCESSOR_DEFINITIONS = (
					"DEBUG=1",
					"$(inherited)",
				);
				INFOPLIST_FILE = "NSUserDefaults, Segues and Protocols Challenge SolutionTests/NSUserDefaults, Segues and Protocols Challenge SolutionTests-Info.plist";
				PRODUCT_NAME = "$(TARGET_NAME)";
				TEST_HOST = "$(BUNDLE_LOADER)";
				WRAPPER_EXTENSION = xctest;
			};
			name = Debug;
		};
		8F88477A19972146007A5D08 /* Release */ = {
			isa = XCBuildConfiguration;
			buildSettings = {
				BUNDLE_LOADER = "$(BUILT_PRODUCTS_DIR)/NSUserDefaults, Segues and Protocols Challenge Solution.app/NSUserDefaults, Segues and Protocols Challenge Solution";
				FRAMEWORK_SEARCH_PATHS = (
					"$(SDKROOT)/Developer/Library/Frameworks",
					"$(inherited)",
					"$(DEVELOPER_FRAMEWORKS_DIR)",
				);
				GCC_PRECOMPILE_PREFIX_HEADER = YES;
				GCC_PREFIX_HEADER = "NSUserDefaults, Segues and Protocols Challenge Solution/NSUserDefaults, Segues and Protocols Challenge Solution-Prefix.pch";
				INFOPLIST_FILE = "NSUserDefaults, Segues and Protocols Challenge SolutionTests/NSUserDefaults, Segues and Protocols Challenge SolutionTests-Info.plist";
				PRODUCT_NAME = "$(TARGET_NAME)";
				TEST_HOST = "$(BUNDLE_LOADER)";
				WRAPPER_EXTENSION = xctest;
			};
			name = Release;
		};
/* End XCBuildConfiguration section */

/* Begin XCConfigurationList section */
		8F88473E19972146007A5D08 /* Build configuration list for PBXProject "NSUserDefaults, Segues and Protocols Challenge Solution" */ = {
			isa = XCConfigurationList;
			buildConfigurations = (
				8F88477319972146007A5D08 /* Debug */,
				8F88477419972146007A5D08 /* Release */,
			);
			defaultConfigurationIsVisible = 0;
			defaultConfigurationName = Release;
		};
		8F88477519972146007A5D08 /* Build configuration list for PBXNativeTarget "NSUserDefaults, Segues and Protocols Challenge Solution" */ = {
			isa = XCConfigurationList;
			buildConfigurations = (
				8F88477619972146007A5D08 /* Debug */,
				8F88477719972146007A5D08 /* Release */,
			);
			defaultConfigurationIsVisible = 0;
		};
		8F88477819972146007A5D08 /* Build configuration list for PBXNativeTarget "NSUserDefaults, Segues and Protocols Challenge SolutionTests" */ = {
			isa = XCConfigurationList;
			buildConfigurations = (
				8F88477919972146007A5D08 /* Debug */,
				8F88477A19972146007A5D08 /* Release */,
			);
			defaultConfigurationIsVisible = 0;
		};
/* End XCConfigurationList section */
	};
	rootObject = 8F88473B19972146007A5D08 /* Project object */;
}
